lockfileVersion: '9.0'

settings:
  autoInstallPeers: true
  excludeLinksFromLockfile: false

importers:

  .:
    dependencies:
      '@codemirror/autocomplete':
        specifier: ^6.19.1
        version: 6.19.1
      '@codemirror/commands':
        specifier: ^6.10.0
        version: 6.10.0
      '@codemirror/language':
        specifier: ^6.11.3
        version: 6.11.3
      '@codemirror/lint':
        specifier: ^6.9.2
        version: 6.9.2
      '@codemirror/state':
        specifier: ^6.5.2
        version: 6.5.2
      '@codemirror/view':
        specifier: ^6.38.6
        version: 6.38.6
      '@lezer/highlight':
        specifier: ^1.2.3
        version: 1.2.3
      codemirror:
        specifier: ^6.0.2
        version: 6.0.2
      react-dom:
        specifier: '>=18.2.0'
        version: 19.2.0(react@19.2.0)
    devDependencies:
      '@biomejs/biome':
        specifier: ^2.3.4
        version: 2.3.4
      '@rsbuild/plugin-react':
        specifier: ^1.4.2
        version: 1.4.2(@rsbuild/core@1.6.2)
      '@rslib/core':
        specifier: ^0.17.1
        version: 0.17.1(typescript@5.9.3)
      '@types/react':
        specifier: ^19.2.2
        version: 19.2.2
      react:
        specifier: ^19.2.0
        version: 19.2.0
      typescript:
        specifier: ^5.9.3
        version: 5.9.3

packages:

  '@ast-grep/napi-darwin-arm64@0.37.0':
    resolution: {integrity: sha512-QAiIiaAbLvMEg/yBbyKn+p1gX2/FuaC0SMf7D7capm/oG4xGMzdeaQIcSosF4TCxxV+hIH4Bz9e4/u7w6Bnk3Q==}
    engines: {node: '>= 10'}
    cpu: [arm64]
    os: [darwin]

  '@ast-grep/napi-darwin-x64@0.37.0':
    resolution: {integrity: sha512-zvcvdgekd4ySV3zUbUp8HF5nk5zqwiMXTuVzTUdl/w08O7JjM6XPOIVT+d2o/MqwM9rsXdzdergY5oY2RdhSPA==}
    engines: {node: '>= 10'}
    cpu: [x64]
    os: [darwin]

  '@ast-grep/napi-linux-arm64-gnu@0.37.0':
    resolution: {integrity: sha512-L7Sj0lXy8X+BqSMgr1LB8cCoWk0rericdeu+dC8/c8zpsav5Oo2IQKY1PmiZ7H8IHoFBbURLf8iklY9wsD+cyA==}
    engines: {node: '>= 10'}
    cpu: [arm64]
    os: [linux]

  '@ast-grep/napi-linux-arm64-musl@0.37.0':
    resolution: {integrity: sha512-LF9sAvYy6es/OdyJDO3RwkX3I82Vkfsng1sqUBcoWC1jVb1wX5YVzHtpQox9JrEhGl+bNp7FYxB4Qba9OdA5GA==}
    engines: {node: '>= 10'}
    cpu: [arm64]
    os: [linux]

  '@ast-grep/napi-linux-x64-gnu@0.37.0':
    resolution: {integrity: sha512-TViz5/klqre6aSmJzswEIjApnGjJzstG/SE8VDWsrftMBMYt2PTu3MeluZVwzSqDao8doT/P+6U11dU05UOgxw==}
    engines: {node: '>= 10'}
    cpu: [x64]
    os: [linux]

  '@ast-grep/napi-linux-x64-musl@0.37.0':
    resolution: {integrity: sha512-/BcCH33S9E3ovOAEoxYngUNXgb+JLg991sdyiNP2bSoYd30a9RHrG7CYwW6fMgua3ijQ474eV6cq9yZO1bCpXg==}
    engines: {node: '>= 10'}
    cpu: [x64]
    os: [linux]

  '@ast-grep/napi-win32-arm64-msvc@0.37.0':
    resolution: {integrity: sha512-TjQA4cFoIEW2bgjLkaL9yqT4XWuuLa5MCNd0VCDhGRDMNQ9+rhwi9eLOWRaap3xzT7g+nlbcEHL3AkVCD2+b3A==}
    engines: {node: '>= 10'}
    cpu: [arm64]
    os: [win32]

  '@ast-grep/napi-win32-ia32-msvc@0.37.0':
    resolution: {integrity: sha512-uNmVka8fJCdYsyOlF9aZqQMLTatEYBynjChVTzUfFMDfmZ0bihs/YTqJVbkSm8TZM7CUX82apvn50z/dX5iWRA==}
    engines: {node: '>= 10'}
    cpu: [ia32]
    os: [win32]

  '@ast-grep/napi-win32-x64-msvc@0.37.0':
    resolution: {integrity: sha512-vCiFOT3hSCQuHHfZ933GAwnPzmL0G04JxQEsBRfqONywyT8bSdDc/ECpAfr3S9VcS4JZ9/F6tkePKW/Om2Dq2g==}
    engines: {node: '>= 10'}
    cpu: [x64]
    os: [win32]

  '@ast-grep/napi@0.37.0':
    resolution: {integrity: sha512-Hb4o6h1Pf6yRUAX07DR4JVY7dmQw+RVQMW5/m55GoiAT/VRoKCWBtIUPPOnqDVhbx1Cjfil9b6EDrgJsUAujEQ==}
    engines: {node: '>= 10'}

  '@biomejs/biome@2.3.4':
    resolution: {integrity: sha512-TU08LXjBHdy0mEY9APtEtZdNQQijXUDSXR7IK1i45wgoPD5R0muK7s61QcFir6FpOj/RP1+YkPx5QJlycXUU3w==}
    engines: {node: '>=14.21.3'}
    hasBin: true

  '@biomejs/cli-darwin-arm64@2.3.4':
    resolution: {integrity: sha512-w40GvlNzLaqmuWYiDU6Ys9FNhJiclngKqcGld3iJIiy2bpJ0Q+8n3haiaC81uTPY/NA0d8Q/I3Z9+ajc14102Q==}
    engines: {node: '>=14.21.3'}
    cpu: [arm64]
    os: [darwin]

  '@biomejs/cli-darwin-x64@2.3.4':
    resolution: {integrity: sha512-3s7TLVtjJ7ni1xADXsS7x7GMUrLBZXg8SemXc3T0XLslzvqKj/dq1xGeBQ+pOWQzng9MaozfacIHdK2UlJ3jGA==}
    engines: {node: '>=14.21.3'}
    cpu: [x64]
    os: [darwin]

  '@biomejs/cli-linux-arm64-musl@2.3.4':
    resolution: {integrity: sha512-IruVGQRwMURivWazchiq7gKAqZSFs5so6gi0hJyxk7x6HR+iwZbO2IxNOqyLURBvL06qkIHs7Wffl6Bw30vCbQ==}
    engines: {node: '>=14.21.3'}
    cpu: [arm64]
    os: [linux]

  '@biomejs/cli-linux-arm64@2.3.4':
    resolution: {integrity: sha512-y7efHyyM2gYmHy/AdWEip+VgTMe9973aP7XYKPzu/j8JxnPHuSUXftzmPhkVw0lfm4ECGbdBdGD6+rLmTgNZaA==}
    engines: {node: '>=14.21.3'}
    cpu: [arm64]
    os: [linux]

  '@biomejs/cli-linux-x64-musl@2.3.4':
    resolution: {integrity: sha512-mzKFFv/w66e4/jCobFmD3kymCqG+FuWE7sVa4Yjqd9v7qt2UhXo67MSZKY9Ih18V2IwPzRKQPCw6KwdZs6AXSA==}
    engines: {node: '>=14.21.3'}
    cpu: [x64]
    os: [linux]

  '@biomejs/cli-linux-x64@2.3.4':
    resolution: {integrity: sha512-gKfjWR/6/dfIxPJCw8REdEowiXCkIpl9jycpNVHux8aX2yhWPLjydOshkDL6Y/82PcQJHn95VCj7J+BRcE5o1Q==}
    engines: {node: '>=14.21.3'}
    cpu: [x64]
    os: [linux]

  '@biomejs/cli-win32-arm64@2.3.4':
    resolution: {integrity: sha512-5TJ6JfVez+yyupJ/iGUici2wzKf0RrSAxJhghQXtAEsc67OIpdwSKAQboemILrwKfHDi5s6mu7mX+VTCTUydkw==}
    engines: {node: '>=14.21.3'}
    cpu: [arm64]
    os: [win32]

  '@biomejs/cli-win32-x64@2.3.4':
    resolution: {integrity: sha512-FGCijXecmC4IedQ0esdYNlMpx0Jxgf4zceCaMu6fkjWyjgn50ZQtMiqZZQ0Q/77yqPxvtkgZAvt5uGw0gAAjig==}
    engines: {node: '>=14.21.3'}
    cpu: [x64]
    os: [win32]

  '@codemirror/autocomplete@6.19.1':
    resolution: {integrity: sha512-q6NenYkEy2fn9+JyjIxMWcNjzTL/IhwqfzOut1/G3PrIFkrbl4AL7Wkse5tLrQUUyqGoAKU5+Pi5jnnXxH5HGw==}

  '@codemirror/commands@6.10.0':
    resolution: {integrity: sha512-2xUIc5mHXQzT16JnyOFkh8PvfeXuIut3pslWGfsGOhxP/lpgRm9HOl/mpzLErgt5mXDovqA0d11P21gofRLb9w==}

  '@codemirror/language@6.11.3':
    resolution: {integrity: sha512-9HBM2XnwDj7fnu0551HkGdrUrrqmYq/WC5iv6nbY2WdicXdGbhR/gfbZOH73Aqj4351alY1+aoG9rCNfiwS1RA==}

  '@codemirror/lint@6.9.2':
    resolution: {integrity: sha512-sv3DylBiIyi+xKwRCJAAsBZZZWo82shJ/RTMymLabAdtbkV5cSKwWDeCgtUq3v8flTaXS2y1kKkICuRYtUswyQ==}

  '@codemirror/search@6.5.11':
    resolution: {integrity: sha512-KmWepDE6jUdL6n8cAAqIpRmLPBZ5ZKnicE8oGU/s3QrAVID+0VhLFrzUucVKHG5035/BSykhExDL/Xm7dHthiA==}

  '@codemirror/state@6.5.2':
    resolution: {integrity: sha512-FVqsPqtPWKVVL3dPSxy8wEF/ymIEuVzF1PK3VbUgrxXpJUSHQWWZz4JMToquRxnkw+36LTamCZG2iua2Ptq0fA==}

  '@codemirror/view@6.38.6':
    resolution: {integrity: sha512-qiS0z1bKs5WOvHIAC0Cybmv4AJSkAXgX5aD6Mqd2epSLlVJsQl8NG23jCVouIgkh4All/mrbdsf2UOLFnJw0tw==}

  '@emnapi/core@1.7.0':
    resolution: {integrity: sha512-pJdKGq/1iquWYtv1RRSljZklxHCOCAJFJrImO5ZLKPJVJlVUcs8yFwNQlqS0Lo8xT1VAXXTCZocF9n26FWEKsw==}

  '@emnapi/runtime@1.7.0':
    resolution: {integrity: sha512-oAYoQnCYaQZKVS53Fq23ceWMRxq5EhQsE0x0RdQ55jT7wagMu5k+fS39v1fiSLrtrLQlXwVINenqhLMtTrV/1Q==}

  '@emnapi/wasi-threads@1.1.0':
    resolution: {integrity: sha512-WI0DdZ8xFSbgMjR1sFsKABJ/C5OnRrjT06JXbZKexJGrDuPTzZdDYfFlsgcCXCyf+suG5QU2e/y1Wo2V/OapLQ==}

  '@lezer/common@1.3.0':
    resolution: {integrity: sha512-L9X8uHCYU310o99L3/MpJKYxPzXPOS7S0NmBaM7UO/x2Kb2WbmMLSkfvdr1KxRIFYOpbY0Jhn7CfLSUDzL8arQ==}

  '@lezer/highlight@1.2.3':
    resolution: {integrity: sha512-qXdH7UqTvGfdVBINrgKhDsVTJTxactNNxLk7+UMwZhU13lMHaOBlJe9Vqp907ya56Y3+ed2tlqzys7jDkTmW0g==}

  '@lezer/lr@1.4.3':
    resolution: {integrity: sha512-yenN5SqAxAPv/qMnpWW0AT7l+SxVrgG+u0tNsRQWqbrz66HIl8DnEbBObvy21J5K7+I1v7gsAnlE2VQ5yYVSeA==}

  '@marijn/find-cluster-break@1.0.2':
    resolution: {integrity: sha512-l0h88YhZFyKdXIFNfSWpyjStDjGHwZ/U7iobcK1cQQD8sejsONdQtTVU+1wVN1PBw40PiiHB1vA5S7VTfQiP9g==}

  '@module-federation/error-codes@0.21.2':
    resolution: {integrity: sha512-mGbPAAApgjmQUl4J7WAt20aV04a26TyS21GDEpOGXFEQG5FqmZnSJ6FqB8K19HgTKioBT1+fF/Ctl5bGGao/EA==}

  '@module-federation/runtime-core@0.21.2':
    resolution: {integrity: sha512-LtDnccPxjR8Xqa3daRYr1cH/6vUzK3mQSzgvnfsUm1fXte5syX4ftWw3Eu55VdqNY3yREFRn77AXdu9PfPEZRw==}

  '@module-federation/runtime-tools@0.21.2':
    resolution: {integrity: sha512-SgG9NWTYGNYcHSd5MepO3AXf6DNXriIo4sKKM4mu4RqfYhHyP+yNjnF/gvYJl52VD61g0nADmzLWzBqxOqk2tg==}

  '@module-federation/runtime@0.21.2':
    resolution: {integrity: sha512-97jlOx4RAnAHMBTfgU5FBK6+V/pfT6GNX0YjSf8G+uJ3lFy74Y6kg/BevEkChTGw5waCLAkw/pw4LmntYcNN7g==}

  '@module-federation/sdk@0.21.2':
    resolution: {integrity: sha512-t2vHSJ1a9zjg7LLJoEghcytNLzeFCqOat5TbXTav5dgU0xXw82Cf0EfLrxiJL6uUpgbtyvUdqqa2DVAvMPjiiA==}

  '@module-federation/webpack-bundler-runtime@0.21.2':
    resolution: {integrity: sha512-06R/NDY6Uh5RBIaBOFwYWzJCf1dIiQd/DFHToBVhejUT3ZFG7GzHEPIIsAGqMzne/JSmVsvjlXiJu7UthQ6rFA==}

  '@napi-rs/wasm-runtime@1.0.7':
    resolution: {integrity: sha512-SeDnOO0Tk7Okiq6DbXmmBODgOAb9dp9gjlphokTUxmt8U3liIP1ZsozBahH69j/RJv+Rfs6IwUKHTgQYJ/HBAw==}

  '@rsbuild/core@1.6.2':
    resolution: {integrity: sha512-ELlc23tDCYaXCwB//bOIF/Gnx1TtFey/DBgFDD/oN6PK7aKpAGIVSk6n9aHH3GRNXNtG/sLFtjucVm7Le3lvCA==}
    engines: {node: '>=18.12.0'}
    hasBin: true

  '@rsbuild/plugin-react@1.4.2':
    resolution: {integrity: sha512-2rJb5mOuqVof2aDq4SbB1E65+0n1vjhAADipC88jvZRNuTOulg79fh7R4tsCiBMI4VWq46gSpwekiK8G5bq6jg==}
    peerDependencies:
      '@rsbuild/core': 1.x

  '@rslib/core@0.17.1':
    resolution: {integrity: sha512-7mqrktQuHMkGcgIW6pBdw7xpBy5KmvTN22+RhSkj1y4FKfen/PqOPDGqGlN+kTbPSXs20kBepNkYWYV8t+6ryA==}
    engines: {node: '>=18.12.0'}
    hasBin: true
    peerDependencies:
      '@microsoft/api-extractor': ^7
      typescript: ^5
    peerDependenciesMeta:
      '@microsoft/api-extractor':
        optional: true
      typescript:
        optional: true

  '@rspack/binding-darwin-arm64@1.6.1':
    resolution: {integrity: sha512-am7gVsqicKY/FhDfNa/InHxrBd3wRt6rI7sFTaunKaPbPERjWSKr/sI47tB3t8uNYmLQFFhWFijomAhDyrlHMg==}
    cpu: [arm64]
    os: [darwin]

  '@rspack/binding-darwin-x64@1.6.1':
    resolution: {integrity: sha512-uadcJOal5YTg191+kvi47I0b+U0sRKe8vKFjMXYOrSIcbXGVRdBxROt/HMlKnvg0u/A83f6AABiY6MA2fCs/gw==}
    cpu: [x64]
    os: [darwin]

  '@rspack/binding-linux-arm64-gnu@1.6.1':
    resolution: {integrity: sha512-n7UGSBzv7PiX+V1Q2bY3S1XWyN3RCykCQUgfhZ+xWietCM/1349jgN7DoXKPllqlof1GPGBjziHU0sQZTC4tag==}
    cpu: [arm64]
    os: [linux]

  '@rspack/binding-linux-arm64-musl@1.6.1':
    resolution: {integrity: sha512-P7nx0jsKxx7g3QAnH9UnJDGVgs1M2H7ZQl68SRyrs42TKOd9Md22ynoMIgCK1zoy+skssU6MhWptluSggXqSrA==}
    cpu: [arm64]
    os: [linux]

  '@rspack/binding-linux-x64-gnu@1.6.1':
    resolution: {integrity: sha512-SdiurC1bV/QHnj7rmrBYJLdsat3uUDWl9KjkVjEbtc8kQV0Ri4/vZRH0nswgzx7hZNY2j0jYuCm5O8+3qeJEMg==}
    cpu: [x64]
    os: [linux]

  '@rspack/binding-linux-x64-musl@1.6.1':
    resolution: {integrity: sha512-JoSJu29nV+auOePhe8x2Fzqxiga1YGNcOMWKJ5Uj8rHBZ8FPAiiE+CpLG8TwfpHsivojrY/sy6fE8JldYLV5TQ==}
    cpu: [x64]
    os: [linux]

  '@rspack/binding-wasm32-wasi@1.6.1':
    resolution: {integrity: sha512-u5NiSHxM7LtIo4cebq/hQPJ9o39u127am3eVJHDzdmBVhTYYO5l7XVUnFmcU8hNHuj/4lJzkFviWFbf3SaRSYA==}
    cpu: [wasm32]

  '@rspack/binding-win32-arm64-msvc@1.6.1':
    resolution: {integrity: sha512-u2Lm4iyUstX/H4JavHnFLIlXQwMka6WVvG2XH8uRd6ziNTh0k/u9jlFADzhdZMvxj63L2hNXCs7TrMZTx2VObQ==}
    cpu: [arm64]
    os: [win32]

  '@rspack/binding-win32-ia32-msvc@1.6.1':
    resolution: {integrity: sha512-/rMU4pjnQeYnkrXmlqeEPiUNT1wHfJ8GR5v2zqcHXBQkAtic3ZsLwjHpucJjrfRsN5CcVChxJl/T7ozlITfcYw==}
    cpu: [ia32]
    os: [win32]

  '@rspack/binding-win32-x64-msvc@1.6.1':
    resolution: {integrity: sha512-8qsdb5COuZF5Trimo3HHz3N0KuRtrPtRCMK/wi7DOT1nR6CpUeUMPTjvtPl/O/QezQje+cpBFTa5BaQ1WKlHhw==}
    cpu: [x64]
    os: [win32]

  '@rspack/binding@1.6.1':
    resolution: {integrity: sha512-6duvh3CbDA3c4HpNkzIOP9z1wn/mKY1Mrxj+AqgcNvsE0ppp1iKlMsJCDgl7SlUauus2AgtM1dIEU+0sRajmwQ==}

  '@rspack/core@1.6.1':
    resolution: {integrity: sha512-hZVrmiZoBTchWUdh/XbeJ5z+GqHW5aPYeufBigmtUeyzul8uJtHlWKmQhpG+lplMf6o1RESTjjxl632TP/Cfhg==}
    engines: {node: '>=18.12.0'}
    peerDependencies:
      '@swc/helpers': '>=0.5.1'
    peerDependenciesMeta:
      '@swc/helpers':
        optional: true

  '@rspack/lite-tapable@1.0.1':
    resolution: {integrity: sha512-VynGOEsVw2s8TAlLf/uESfrgfrq2+rcXB1muPJYBWbsm1Oa6r5qVQhjA5ggM6z/coYPrsVMgovl3Ff7Q7OCp1w==}
    engines: {node: '>=16.0.0'}

  '@rspack/plugin-react-refresh@1.5.2':
    resolution: {integrity: sha512-uTbN6P01LPdQOnl5YNwHkN4hDsb9Sb5nIetQb55mPyFiJnu9MQetmBUm+tmh8JJg0QPv4Ew7tXgi4hjpHFY3Rw==}
    peerDependencies:
      react-refresh: '>=0.10.0 <1.0.0'
      webpack-hot-middleware: 2.x
    peerDependenciesMeta:
      webpack-hot-middleware:
        optional: true

  '@swc/helpers@0.5.17':
    resolution: {integrity: sha512-5IKx/Y13RsYd+sauPb2x+U/xZikHjolzfuDgTAl/Tdf3Q8rslRvC19NKDLgAJQ6wsqADk10ntlv08nPFw/gO/A==}

  '@tybys/wasm-util@0.10.1':
    resolution: {integrity: sha512-9tTaPJLSiejZKx+Bmog4uSubteqTvFrVrURwkmHixBo0G4seD0zUxp98E1DzUBJxLQ3NPwXrGKDiVjwx/DpPsg==}

  '@types/react@19.2.2':
    resolution: {integrity: sha512-6mDvHUFSjyT2B2yeNx2nUgMxh9LtOWvkhIU3uePn2I2oyNymUAX1NIsdgviM4CH+JSrp2D2hsMvJOkxY+0wNRA==}

  codemirror@6.0.2:
    resolution: {integrity: sha512-VhydHotNW5w1UGK0Qj96BwSk/Zqbp9WbnyK2W/eVMv4QyF41INRGpjUhFJY7/uDNuudSc33a/PKr4iDqRduvHw==}

  core-js@3.46.0:
    resolution: {integrity: sha512-vDMm9B0xnqqZ8uSBpZ8sNtRtOdmfShrvT6h2TuQGLs0Is+cR0DYbj/KWP6ALVNbWPpqA/qPLoOuppJN07humpA==}

  crelt@1.0.6:
    resolution: {integrity: sha512-VQ2MBenTq1fWZUH9DJNGti7kKv6EeAuYr3cLwxUWhIu1baTaXh4Ib5W2CqHVqib4/MqbYGJqiL3Zb8GJZr3l4g==}

  csstype@3.1.3:
    resolution: {integrity: sha512-M1uQkMl8rQK/szD0LNhtqxIPLpimGm8sOBwU7lLnCpSbTyY3yeU1Vc7l4KT5zT4s/yOxHH5O7tIuuLOCnLADRw==}

  error-stack-parser@2.1.4:
    resolution: {integrity: sha512-Sk5V6wVazPhq5MhpO+AUxJn5x7XSXGl1R93Vn7i+zS15KDVxQijejNCrz8340/2bgLBjR9GtEG8ZVKONDjcqGQ==}

  html-entities@2.6.0:
    resolution: {integrity: sha512-kig+rMn/QOVRvr7c86gQ8lWXq+Hkv6CbAH1hLu+RG338StTpE8Z0b44SDVaqVu7HGKf27frdmUYEs9hTUX/cLQ==}

  jiti@2.6.1:
    resolution: {integrity: sha512-ekilCSN1jwRvIbgeg/57YFh8qQDNbwDb9xT/qu2DAHbFFZUicIl4ygVaAvzveMhMVr3LnpSKTNnwt8PoOfmKhQ==}
    hasBin: true

  react-dom@19.2.0:
    resolution: {integrity: sha512-UlbRu4cAiGaIewkPyiRGJk0imDN2T3JjieT6spoL2UeSf5od4n5LB/mQ4ejmxhCFT1tYe8IvaFulzynWovsEFQ==}
    peerDependencies:
      react: ^19.2.0

  react-refresh@0.18.0:
    resolution: {integrity: sha512-QgT5//D3jfjJb6Gsjxv0Slpj23ip+HtOpnNgnb2S5zU3CB26G/IDPGoy4RJB42wzFE46DRsstbW6tKHoKbhAxw==}
    engines: {node: '>=0.10.0'}

  react@19.2.0:
    resolution: {integrity: sha512-tmbWg6W31tQLeB5cdIBOicJDJRR2KzXsV7uSK9iNfLWQ5bIZfxuPEHp7M8wiHyHnn0DD1i7w3Zmin0FtkrwoCQ==}
    engines: {node: '>=0.10.0'}

  rsbuild-plugin-dts@0.17.1:
    resolution: {integrity: sha512-fEykqICjrvB0dqzm0WqZSQ5rXZ5r+ZYYxqIDgTDU6mHlhlAGJ+AOnX8vgujAdiyuqDF2ZiHcN0QYjxB2UwddtQ==}
    engines: {node: '>=18.12.0'}
    peerDependencies:
      '@microsoft/api-extractor': ^7
      '@rsbuild/core': 1.x
      '@typescript/native-preview': 7.x
      typescript: ^5
    peerDependenciesMeta:
      '@microsoft/api-extractor':
        optional: true
      '@typescript/native-preview':
        optional: true
      typescript:
        optional: true

  scheduler@0.27.0:
    resolution: {integrity: sha512-eNv+WrVbKu1f3vbYJT/xtiF5syA5HPIMtf9IgY/nKg0sWqzAUEvqY/xm7OcZc/qafLx/iO9FgOmeSAp4v5ti/Q==}

  stackframe@1.3.4:
    resolution: {integrity: sha512-oeVtt7eWQS+Na6F//S4kJ2K2VbRlS9D43mAlMyVpVWovy9o+jfgH8O9agzANzaiLjclA0oYzUXEM4PurhSUChw==}

  style-mod@4.1.3:
    resolution: {integrity: sha512-i/n8VsZydrugj3Iuzll8+x/00GH2vnYsk1eomD8QiRrSAeW6ItbCQDtfXCeJHd0iwiNagqjQkvpvREEPtW3IoQ==}

  tslib@2.8.1:
    resolution: {integrity: sha512-oJFu94HQb+KVduSUQL7wnpmqnfmLsOA/nAh6b6EH0wCEoK0/mPeXU6c3wKDV83MkOuHPRHtSXKKU99IBazS/2w==}

  typescript@5.9.3:
    resolution: {integrity: sha512-jl1vZzPDinLr9eUt3J/t7V6FgNEw9QjvBPdysz9KfQDD41fQrC2Y4vKQdiaUpFT4bXlb1RHhLpp8wtm6M5TgSw==}
    engines: {node: '>=14.17'}
    hasBin: true

  w3c-keyname@2.2.8:
    resolution: {integrity: sha512-dpojBhNsCNN7T82Tm7k26A6G9ML3NkhDsnw9n/eoxSRlVBB4CEtIQ/KTCLI2Fwf3ataSXRhYFkQi3SlnFwPvPQ==}

snapshots:

  '@ast-grep/napi-darwin-arm64@0.37.0':
    optional: true

  '@ast-grep/napi-darwin-x64@0.37.0':
    optional: true

  '@ast-grep/napi-linux-arm64-gnu@0.37.0':
    optional: true

  '@ast-grep/napi-linux-arm64-musl@0.37.0':
    optional: true

  '@ast-grep/napi-linux-x64-gnu@0.37.0':
    optional: true

  '@ast-grep/napi-linux-x64-musl@0.37.0':
    optional: true

  '@ast-grep/napi-win32-arm64-msvc@0.37.0':
    optional: true

  '@ast-grep/napi-win32-ia32-msvc@0.37.0':
    optional: true

  '@ast-grep/napi-win32-x64-msvc@0.37.0':
    optional: true

  '@ast-grep/napi@0.37.0':
    optionalDependencies:
      '@ast-grep/napi-darwin-arm64': 0.37.0
      '@ast-grep/napi-darwin-x64': 0.37.0
      '@ast-grep/napi-linux-arm64-gnu': 0.37.0
      '@ast-grep/napi-linux-arm64-musl': 0.37.0
      '@ast-grep/napi-linux-x64-gnu': 0.37.0
      '@ast-grep/napi-linux-x64-musl': 0.37.0
      '@ast-grep/napi-win32-arm64-msvc': 0.37.0
      '@ast-grep/napi-win32-ia32-msvc': 0.37.0
      '@ast-grep/napi-win32-x64-msvc': 0.37.0

  '@biomejs/biome@2.3.4':
    optionalDependencies:
      '@biomejs/cli-darwin-arm64': 2.3.4
      '@biomejs/cli-darwin-x64': 2.3.4
      '@biomejs/cli-linux-arm64': 2.3.4
      '@biomejs/cli-linux-arm64-musl': 2.3.4
      '@biomejs/cli-linux-x64': 2.3.4
      '@biomejs/cli-linux-x64-musl': 2.3.4
      '@biomejs/cli-win32-arm64': 2.3.4
      '@biomejs/cli-win32-x64': 2.3.4

  '@biomejs/cli-darwin-arm64@2.3.4':
    optional: true

  '@biomejs/cli-darwin-x64@2.3.4':
    optional: true

  '@biomejs/cli-linux-arm64-musl@2.3.4':
    optional: true

  '@biomejs/cli-linux-arm64@2.3.4':
    optional: true

  '@biomejs/cli-linux-x64-musl@2.3.4':
    optional: true

  '@biomejs/cli-linux-x64@2.3.4':
    optional: true

  '@biomejs/cli-win32-arm64@2.3.4':
    optional: true

  '@biomejs/cli-win32-x64@2.3.4':
    optional: true

  '@codemirror/autocomplete@6.19.1':
    dependencies:
      '@codemirror/language': 6.11.3
      '@codemirror/state': 6.5.2
      '@codemirror/view': 6.38.6
      '@lezer/common': 1.3.0

  '@codemirror/commands@6.10.0':
    dependencies:
      '@codemirror/language': 6.11.3
      '@codemirror/state': 6.5.2
      '@codemirror/view': 6.38.6
      '@lezer/common': 1.3.0

  '@codemirror/language@6.11.3':
    dependencies:
      '@codemirror/state': 6.5.2
      '@codemirror/view': 6.38.6
      '@lezer/common': 1.3.0
      '@lezer/highlight': 1.2.3
      '@lezer/lr': 1.4.3
      style-mod: 4.1.3

  '@codemirror/lint@6.9.2':
    dependencies:
      '@codemirror/state': 6.5.2
      '@codemirror/view': 6.38.6
      crelt: 1.0.6

  '@codemirror/search@6.5.11':
    dependencies:
      '@codemirror/state': 6.5.2
      '@codemirror/view': 6.38.6
      crelt: 1.0.6

  '@codemirror/state@6.5.2':
    dependencies:
      '@marijn/find-cluster-break': 1.0.2

  '@codemirror/view@6.38.6':
    dependencies:
      '@codemirror/state': 6.5.2
      crelt: 1.0.6
      style-mod: 4.1.3
      w3c-keyname: 2.2.8

  '@emnapi/core@1.7.0':
    dependencies:
      '@emnapi/wasi-threads': 1.1.0
      tslib: 2.8.1
    optional: true

  '@emnapi/runtime@1.7.0':
    dependencies:
      tslib: 2.8.1
    optional: true

  '@emnapi/wasi-threads@1.1.0':
    dependencies:
      tslib: 2.8.1
    optional: true

  '@lezer/common@1.3.0': {}

  '@lezer/highlight@1.2.3':
    dependencies:
      '@lezer/common': 1.3.0

  '@lezer/lr@1.4.3':
    dependencies:
      '@lezer/common': 1.3.0

  '@marijn/find-cluster-break@1.0.2': {}

  '@module-federation/error-codes@0.21.2': {}

  '@module-federation/runtime-core@0.21.2':
    dependencies:
      '@module-federation/error-codes': 0.21.2
      '@module-federation/sdk': 0.21.2

  '@module-federation/runtime-tools@0.21.2':
    dependencies:
      '@module-federation/runtime': 0.21.2
      '@module-federation/webpack-bundler-runtime': 0.21.2

  '@module-federation/runtime@0.21.2':
    dependencies:
      '@module-federation/error-codes': 0.21.2
      '@module-federation/runtime-core': 0.21.2
      '@module-federation/sdk': 0.21.2

  '@module-federation/sdk@0.21.2': {}

  '@module-federation/webpack-bundler-runtime@0.21.2':
    dependencies:
      '@module-federation/runtime': 0.21.2
      '@module-federation/sdk': 0.21.2

  '@napi-rs/wasm-runtime@1.0.7':
    dependencies:
      '@emnapi/core': 1.7.0
      '@emnapi/runtime': 1.7.0
      '@tybys/wasm-util': 0.10.1
    optional: true

  '@rsbuild/core@1.6.2':
    dependencies:
      '@rspack/core': 1.6.1(@swc/helpers@0.5.17)
      '@rspack/lite-tapable': 1.0.1
      '@swc/helpers': 0.5.17
      core-js: 3.46.0
      jiti: 2.6.1

  '@rsbuild/plugin-react@1.4.2(@rsbuild/core@1.6.2)':
    dependencies:
      '@rsbuild/core': 1.6.2
      '@rspack/plugin-react-refresh': 1.5.2(react-refresh@0.18.0)
      react-refresh: 0.18.0
    transitivePeerDependencies:
      - webpack-hot-middleware

  '@rslib/core@0.17.1(typescript@5.9.3)':
    dependencies:
      '@rsbuild/core': 1.6.2
      rsbuild-plugin-dts: 0.17.1(@rsbuild/core@1.6.2)(typescript@5.9.3)
    optionalDependencies:
      typescript: 5.9.3
    transitivePeerDependencies:
      - '@typescript/native-preview'

  '@rspack/binding-darwin-arm64@1.6.1':
    optional: true

  '@rspack/binding-darwin-x64@1.6.1':
    optional: true

  '@rspack/binding-linux-arm64-gnu@1.6.1':
    optional: true

  '@rspack/binding-linux-arm64-musl@1.6.1':
    optional: true

  '@rspack/binding-linux-x64-gnu@1.6.1':
    optional: true

  '@rspack/binding-linux-x64-musl@1.6.1':
    optional: true

  '@rspack/binding-wasm32-wasi@1.6.1':
    dependencies:
      '@napi-rs/wasm-runtime': 1.0.7
    optional: true

  '@rspack/binding-win32-arm64-msvc@1.6.1':
    optional: true

  '@rspack/binding-win32-ia32-msvc@1.6.1':
    optional: true

  '@rspack/binding-win32-x64-msvc@1.6.1':
    optional: true

  '@rspack/binding@1.6.1':
    optionalDependencies:
      '@rspack/binding-darwin-arm64': 1.6.1
      '@rspack/binding-darwin-x64': 1.6.1
      '@rspack/binding-linux-arm64-gnu': 1.6.1
      '@rspack/binding-linux-arm64-musl': 1.6.1
      '@rspack/binding-linux-x64-gnu': 1.6.1
      '@rspack/binding-linux-x64-musl': 1.6.1
      '@rspack/binding-wasm32-wasi': 1.6.1
      '@rspack/binding-win32-arm64-msvc': 1.6.1
      '@rspack/binding-win32-ia32-msvc': 1.6.1
      '@rspack/binding-win32-x64-msvc': 1.6.1

  '@rspack/core@1.6.1(@swc/helpers@0.5.17)':
    dependencies:
      '@module-federation/runtime-tools': 0.21.2
      '@rspack/binding': 1.6.1
      '@rspack/lite-tapable': 1.0.1
    optionalDependencies:
      '@swc/helpers': 0.5.17

  '@rspack/lite-tapable@1.0.1': {}

  '@rspack/plugin-react-refresh@1.5.2(react-refresh@0.18.0)':
    dependencies:
      error-stack-parser: 2.1.4
      html-entities: 2.6.0
      react-refresh: 0.18.0

  '@swc/helpers@0.5.17':
    dependencies:
      tslib: 2.8.1

  '@tybys/wasm-util@0.10.1':
    dependencies:
      tslib: 2.8.1
    optional: true

  '@types/react@19.2.2':
    dependencies:
      csstype: 3.1.3

  codemirror@6.0.2:
    dependencies:
      '@codemirror/autocomplete': 6.19.1
      '@codemirror/commands': 6.10.0
      '@codemirror/language': 6.11.3
      '@codemirror/lint': 6.9.2
      '@codemirror/search': 6.5.11
      '@codemirror/state': 6.5.2
      '@codemirror/view': 6.38.6

  core-js@3.46.0: {}

  crelt@1.0.6: {}

  csstype@3.1.3: {}

  error-stack-parser@2.1.4:
    dependencies:
      stackframe: 1.3.4

  html-entities@2.6.0: {}

  jiti@2.6.1: {}

  react-dom@19.2.0(react@19.2.0):
    dependencies:
      react: 19.2.0
      scheduler: 0.27.0

  react-refresh@0.18.0: {}

  react@19.2.0: {}

  rsbuild-plugin-dts@0.17.1(@rsbuild/core@1.6.2)(typescript@5.9.3):
    dependencies:
      '@ast-grep/napi': 0.37.0
      '@rsbuild/core': 1.6.2
    optionalDependencies:
      typescript: 5.9.3

  scheduler@0.27.0: {}

  stackframe@1.3.4: {}

  style-mod@4.1.3: {}

  tslib@2.8.1: {}

  typescript@5.9.3: {}

  w3c-keyname@2.2.8: {}
